
Microsoft Visual Studio Solution File, Format Version 12.00
# Visual Studio 15
VisualStudioVersion = 15.0.28010.2046
MinimumVisualStudioVersion = 10.0.40219.1
Project("{8BC9CEB8-8B4A-11D0-8D11-00A0C91BC942}") = "CRF", "CRF\CRF.vcxproj", "{3FB81309-80A5-452C-A34A-694939BB7D94}"
EndProject
Project("{8BC9CEB8-8B4A-11D0-8D11-00A0C91BC942}") = "Sample_07_Learning_B_CRF", "Sample\Sample_07_Learning_B_CRF\Sample_07_Learning_B_CRF.vcxproj", "{DF1435E7-EEBC-4B11-BE09-0703B9706E11}"
	ProjectSection(ProjectDependencies) = postProject
		{3FB81309-80A5-452C-A34A-694939BB7D94} = {3FB81309-80A5-452C-A34A-694939BB7D94}
	EndProjectSection
EndProject
Project("{8BC9CEB8-8B4A-11D0-8D11-00A0C91BC942}") = "Sample_01_Potential_handling", "Sample\Sample_01_Potential_handling\Sample_01_Potential_handling.vcxproj", "{30EFE49C-4F4E-4BE5-84EC-3BFD5A01AB1D}"
	ProjectSection(ProjectDependencies) = postProject
		{3FB81309-80A5-452C-A34A-694939BB7D94} = {3FB81309-80A5-452C-A34A-694939BB7D94}
	EndProjectSection
EndProject
Project("{8BC9CEB8-8B4A-11D0-8D11-00A0C91BC942}") = "Sample_02_Belief_propagation_A", "Sample\Sample_02_Belief_propagation_A\Sample_02_Belief_propagation_A.vcxproj", "{A9291524-FBDC-43F3-A831-BB1C1C02E52B}"
	ProjectSection(ProjectDependencies) = postProject
		{3FB81309-80A5-452C-A34A-694939BB7D94} = {3FB81309-80A5-452C-A34A-694939BB7D94}
	EndProjectSection
EndProject
Project("{8BC9CEB8-8B4A-11D0-8D11-00A0C91BC942}") = "Sample_03_Belief_propagation_B", "Sample\Sample_03_Belief_propagation_B\Sample_03_Belief_propagation_B.vcxproj", "{9EF1629B-819E-4194-BDA0-DC581823B848}"
	ProjectSection(ProjectDependencies) = postProject
		{3FB81309-80A5-452C-A34A-694939BB7D94} = {3FB81309-80A5-452C-A34A-694939BB7D94}
	EndProjectSection
EndProject
Project("{8BC9CEB8-8B4A-11D0-8D11-00A0C91BC942}") = "Sample_04_HMM_chain", "Sample\Sample_04_HMM_chain\Sample_04_HMM_chain.vcxproj", "{089EB11D-A305-453D-BBFA-516DDDDC390F}"
	ProjectSection(ProjectDependencies) = postProject
		{3FB81309-80A5-452C-A34A-694939BB7D94} = {3FB81309-80A5-452C-A34A-694939BB7D94}
	EndProjectSection
EndProject
Project("{8BC9CEB8-8B4A-11D0-8D11-00A0C91BC942}") = "Sample_05_Graph_Matrix", "Sample\Sample_05_Graph_Matrix\Sample_05_Graph_Matrix.vcxproj", "{E95AB99F-1F31-45D2-8C69-5FE2DFCE267C}"
	ProjectSection(ProjectDependencies) = postProject
		{3FB81309-80A5-452C-A34A-694939BB7D94} = {3FB81309-80A5-452C-A34A-694939BB7D94}
	EndProjectSection
EndProject
Project("{8BC9CEB8-8B4A-11D0-8D11-00A0C91BC942}") = "Sample_06_Learning_A", "Sample\Sample_06_Learning_A\Sample_06_Learning_A.vcxproj", "{3630F578-5BEE-4B2A-931A-E80B9FD1AFB6}"
	ProjectSection(ProjectDependencies) = postProject
		{3FB81309-80A5-452C-A34A-694939BB7D94} = {3FB81309-80A5-452C-A34A-694939BB7D94}
	EndProjectSection
EndProject
Project("{8BC9CEB8-8B4A-11D0-8D11-00A0C91BC942}") = "CRF_Shell", "CRF_Shell\CRF_Shell.vcxproj", "{3FB880DE-7185-4A4C-885A-0C7B7ECC4891}"
	ProjectSection(ProjectDependencies) = postProject
		{3FB81309-80A5-452C-A34A-694939BB7D94} = {3FB81309-80A5-452C-A34A-694939BB7D94}
	EndProjectSection
EndProject
Global
	GlobalSection(SolutionConfigurationPlatforms) = preSolution
		Debug|x64 = Debug|x64
		Debug|x86 = Debug|x86
		Release|x64 = Release|x64
		Release|x86 = Release|x86
	EndGlobalSection
	GlobalSection(ProjectConfigurationPlatforms) = postSolution
		{3FB81309-80A5-452C-A34A-694939BB7D94}.Debug|x64.ActiveCfg = Debug|x64
		{3FB81309-80A5-452C-A34A-694939BB7D94}.Debug|x64.Build.0 = Debug|x64
		{3FB81309-80A5-452C-A34A-694939BB7D94}.Debug|x86.ActiveCfg = Debug|Win32
		{3FB81309-80A5-452C-A34A-694939BB7D94}.Debug|x86.Build.0 = Debug|Win32
		{3FB81309-80A5-452C-A34A-694939BB7D94}.Release|x64.ActiveCfg = Release|x64
		{3FB81309-80A5-452C-A34A-694939BB7D94}.Release|x64.Build.0 = Release|x64
		{3FB81309-80A5-452C-A34A-694939BB7D94}.Release|x86.ActiveCfg = Release|Win32
		{3FB81309-80A5-452C-A34A-694939BB7D94}.Release|x86.Build.0 = Release|Win32
		{DF1435E7-EEBC-4B11-BE09-0703B9706E11}.Debug|x64.ActiveCfg = Debug|x64
		{DF1435E7-EEBC-4B11-BE09-0703B9706E11}.Debug|x64.Build.0 = Debug|x64
		{DF1435E7-EEBC-4B11-BE09-0703B9706E11}.Debug|x86.ActiveCfg = Debug|Win32
		{DF1435E7-EEBC-4B11-BE09-0703B9706E11}.Debug|x86.Build.0 = Debug|Win32
		{DF1435E7-EEBC-4B11-BE09-0703B9706E11}.Release|x64.ActiveCfg = Release|x64
		{DF1435E7-EEBC-4B11-BE09-0703B9706E11}.Release|x64.Build.0 = Release|x64
		{DF1435E7-EEBC-4B11-BE09-0703B9706E11}.Release|x86.ActiveCfg = Release|Win32
		{DF1435E7-EEBC-4B11-BE09-0703B9706E11}.Release|x86.Build.0 = Release|Win32
		{30EFE49C-4F4E-4BE5-84EC-3BFD5A01AB1D}.Debug|x64.ActiveCfg = Debug|x64
		{30EFE49C-4F4E-4BE5-84EC-3BFD5A01AB1D}.Debug|x64.Build.0 = Debug|x64
		{30EFE49C-4F4E-4BE5-84EC-3BFD5A01AB1D}.Debug|x86.ActiveCfg = Debug|Win32
		{30EFE49C-4F4E-4BE5-84EC-3BFD5A01AB1D}.Debug|x86.Build.0 = Debug|Win32
		{30EFE49C-4F4E-4BE5-84EC-3BFD5A01AB1D}.Release|x64.ActiveCfg = Release|x64
		{30EFE49C-4F4E-4BE5-84EC-3BFD5A01AB1D}.Release|x64.Build.0 = Release|x64
		{30EFE49C-4F4E-4BE5-84EC-3BFD5A01AB1D}.Release|x86.ActiveCfg = Release|Win32
		{30EFE49C-4F4E-4BE5-84EC-3BFD5A01AB1D}.Release|x86.Build.0 = Release|Win32
		{A9291524-FBDC-43F3-A831-BB1C1C02E52B}.Debug|x64.ActiveCfg = Debug|x64
		{A9291524-FBDC-43F3-A831-BB1C1C02E52B}.Debug|x64.Build.0 = Debug|x64
		{A9291524-FBDC-43F3-A831-BB1C1C02E52B}.Debug|x86.ActiveCfg = Debug|Win32
		{A9291524-FBDC-43F3-A831-BB1C1C02E52B}.Debug|x86.Build.0 = Debug|Win32
		{A9291524-FBDC-43F3-A831-BB1C1C02E52B}.Release|x64.ActiveCfg = Release|x64
		{A9291524-FBDC-43F3-A831-BB1C1C02E52B}.Release|x64.Build.0 = Release|x64
		{A9291524-FBDC-43F3-A831-BB1C1C02E52B}.Release|x86.ActiveCfg = Release|Win32
		{A9291524-FBDC-43F3-A831-BB1C1C02E52B}.Release|x86.Build.0 = Release|Win32
		{9EF1629B-819E-4194-BDA0-DC581823B848}.Debug|x64.ActiveCfg = Debug|x64
		{9EF1629B-819E-4194-BDA0-DC581823B848}.Debug|x64.Build.0 = Debug|x64
		{9EF1629B-819E-4194-BDA0-DC581823B848}.Debug|x86.ActiveCfg = Debug|Win32
		{9EF1629B-819E-4194-BDA0-DC581823B848}.Debug|x86.Build.0 = Debug|Win32
		{9EF1629B-819E-4194-BDA0-DC581823B848}.Release|x64.ActiveCfg = Release|x64
		{9EF1629B-819E-4194-BDA0-DC581823B848}.Release|x64.Build.0 = Release|x64
		{9EF1629B-819E-4194-BDA0-DC581823B848}.Release|x86.ActiveCfg = Release|Win32
		{9EF1629B-819E-4194-BDA0-DC581823B848}.Release|x86.Build.0 = Release|Win32
		{089EB11D-A305-453D-BBFA-516DDDDC390F}.Debug|x64.ActiveCfg = Debug|x64
		{089EB11D-A305-453D-BBFA-516DDDDC390F}.Debug|x64.Build.0 = Debug|x64
		{089EB11D-A305-453D-BBFA-516DDDDC390F}.Debug|x86.ActiveCfg = Debug|Win32
		{089EB11D-A305-453D-BBFA-516DDDDC390F}.Debug|x86.Build.0 = Debug|Win32
		{089EB11D-A305-453D-BBFA-516DDDDC390F}.Release|x64.ActiveCfg = Release|x64
		{089EB11D-A305-453D-BBFA-516DDDDC390F}.Release|x64.Build.0 = Release|x64
		{089EB11D-A305-453D-BBFA-516DDDDC390F}.Release|x86.ActiveCfg = Release|Win32
		{089EB11D-A305-453D-BBFA-516DDDDC390F}.Release|x86.Build.0 = Release|Win32
		{E95AB99F-1F31-45D2-8C69-5FE2DFCE267C}.Debug|x64.ActiveCfg = Debug|x64
		{E95AB99F-1F31-45D2-8C69-5FE2DFCE267C}.Debug|x64.Build.0 = Debug|x64
		{E95AB99F-1F31-45D2-8C69-5FE2DFCE267C}.Debug|x86.ActiveCfg = Debug|Win32
		{E95AB99F-1F31-45D2-8C69-5FE2DFCE267C}.Debug|x86.Build.0 = Debug|Win32
		{E95AB99F-1F31-45D2-8C69-5FE2DFCE267C}.Release|x64.ActiveCfg = Release|x64
		{E95AB99F-1F31-45D2-8C69-5FE2DFCE267C}.Release|x64.Build.0 = Release|x64
		{E95AB99F-1F31-45D2-8C69-5FE2DFCE267C}.Release|x86.ActiveCfg = Release|Win32
		{E95AB99F-1F31-45D2-8C69-5FE2DFCE267C}.Release|x86.Build.0 = Release|Win32
		{3630F578-5BEE-4B2A-931A-E80B9FD1AFB6}.Debug|x64.ActiveCfg = Debug|x64
		{3630F578-5BEE-4B2A-931A-E80B9FD1AFB6}.Debug|x64.Build.0 = Debug|x64
		{3630F578-5BEE-4B2A-931A-E80B9FD1AFB6}.Debug|x86.ActiveCfg = Debug|Win32
		{3630F578-5BEE-4B2A-931A-E80B9FD1AFB6}.Debug|x86.Build.0 = Debug|Win32
		{3630F578-5BEE-4B2A-931A-E80B9FD1AFB6}.Release|x64.ActiveCfg = Release|x64
		{3630F578-5BEE-4B2A-931A-E80B9FD1AFB6}.Release|x64.Build.0 = Release|x64
		{3630F578-5BEE-4B2A-931A-E80B9FD1AFB6}.Release|x86.ActiveCfg = Release|Win32
		{3630F578-5BEE-4B2A-931A-E80B9FD1AFB6}.Release|x86.Build.0 = Release|Win32
		{3FB880DE-7185-4A4C-885A-0C7B7ECC4891}.Debug|x64.ActiveCfg = Debug|x64
		{3FB880DE-7185-4A4C-885A-0C7B7ECC4891}.Debug|x64.Build.0 = Debug|x64
		{3FB880DE-7185-4A4C-885A-0C7B7ECC4891}.Debug|x86.ActiveCfg = Debug|Win32
		{3FB880DE-7185-4A4C-885A-0C7B7ECC4891}.Debug|x86.Build.0 = Debug|Win32
		{3FB880DE-7185-4A4C-885A-0C7B7ECC4891}.Release|x64.ActiveCfg = Release|x64
		{3FB880DE-7185-4A4C-885A-0C7B7ECC4891}.Release|x64.Build.0 = Release|x64
		{3FB880DE-7185-4A4C-885A-0C7B7ECC4891}.Release|x86.ActiveCfg = Release|Win32
		{3FB880DE-7185-4A4C-885A-0C7B7ECC4891}.Release|x86.Build.0 = Release|Win32
	EndGlobalSection
	GlobalSection(SolutionProperties) = preSolution
		HideSolutionNode = FALSE
	EndGlobalSection
	GlobalSection(ExtensibilityGlobals) = postSolution
		SolutionGuid = {98A78535-37D4-41D7-88F8-993CF73D529A}
		VisualSVNWorkingCopyRoot = .
	EndGlobalSection
EndGlobal
