<?xml version="1.0" encoding="utf-8"?>
<Project ToolsVersion="4.0" xmlns="http://schemas.microsoft.com/developer/msbuild/2003">
  <ItemGroup>
    <Filter Include="Header">
      <UniqueIdentifier>{3c3df179-4696-48f3-9406-4e176d797a1f}</UniqueIdentifier>
    </Filter>
    <Filter Include="Source">
      <UniqueIdentifier>{e0cc2375-b2e9-4898-a793-762e83b5070c}</UniqueIdentifier>
    </Filter>
  </ItemGroup>
  <ItemGroup>
    <ClInclude Include="Header\Potential.h">
      <Filter>Header</Filter>
    </ClInclude>
    <ClInclude Include="Header\Node.h">
      <Filter>Header</Filter>
    </ClInclude>
    <ClInclude Include="Header\Belief_propagation.h">
      <Filter>Header</Filter>
    </ClInclude>
    <ClInclude Include="Header\Graphical_model.h">
      <Filter>Header</Filter>
    </ClInclude>
    <ClInclude Include="Header\Training_set.h">
      <Filter>Header</Filter>
    </ClInclude>
    <ClInclude Include="Header\Trainer.h">
      <Filter>Header</Filter>
    </ClInclude>
    <ClInclude Include="..\thirdy_part_lib\XML_reader\XML_Manager.h">
      <Filter>Header</Filter>
    </ClInclude>
  </ItemGroup>
  <ItemGroup>
    <ClCompile Include="Source\Potential.cpp">
      <Filter>Source</Filter>
    </ClCompile>
    <ClCompile Include="Source\Node.cpp">
      <Filter>Source</Filter>
    </ClCompile>
    <ClCompile Include="Source\Belief_propagation.cpp">
      <Filter>Source</Filter>
    </ClCompile>
    <ClCompile Include="Source\Graphical_model.cpp">
      <Filter>Source</Filter>
    </ClCompile>
    <ClCompile Include="Source\Training_set.cpp">
      <Filter>Source</Filter>
    </ClCompile>
    <ClCompile Include="Source\Trainer.cpp">
      <Filter>Source</Filter>
    </ClCompile>
    <ClCompile Include="..\thirdy_part_lib\XML_reader\XML_Manager.cpp">
      <Filter>Source</Filter>
    </ClCompile>
    <ClCompile Include="Source\Subgraph.cpp">
      <Filter>Source</Filter>
    </ClCompile>
  </ItemGroup>
</Project>